
Microsoft Visual Studio Solution File, Format Version 12.00
# Visual Studio 15
VisualStudioVersion = 15.0.26730.12
MinimumVisualStudioVersion = 10.0.40219.1
Project("{FAE04EC0-301F-11D3-BF4B-00C04F79EFBC}") = "BreweryApp.Android", "BreweryApp\BreweryApp.Android\BreweryApp.Android.csproj", "{5FDBD3F9-B0BB-4C05-9F1D-B48381326ECC}"
EndProject
Project("{FAE04EC0-301F-11D3-BF4B-00C04F79EFBC}") = "BreweryApp", "BreweryApp\BreweryApp\BreweryApp.csproj", "{44E9624C-3FA9-4797-AE20-0601E41AA93E}"
EndProject
Project("{FAE04EC0-301F-11D3-BF4B-00C04F79EFBC}") = "BreweryApp.UWP", "BreweryApp\BreweryApp.UWP\BreweryApp.UWP.csproj", "{91C369A6-1549-444A-9469-53241C106E51}"
EndProject
Project("{FAE04EC0-301F-11D3-BF4B-00C04F79EFBC}") = "BreweryApp.iOS", "BreweryApp\BreweryApp.iOS\BreweryApp.iOS.csproj", "{DFF0C6D7-13B4-4991-9632-9E063F054594}"
EndProject
Global
	GlobalSection(SolutionConfigurationPlatforms) = preSolution
		Ad-Hoc|Any CPU = Ad-Hoc|Any CPU
		Ad-Hoc|ARM = Ad-Hoc|ARM
		Ad-Hoc|iPhone = Ad-Hoc|iPhone
		Ad-Hoc|iPhoneSimulator = Ad-Hoc|iPhoneSimulator
		Ad-Hoc|x64 = Ad-Hoc|x64
		Ad-Hoc|x86 = Ad-Hoc|x86
		AppStore|Any CPU = AppStore|Any CPU
		AppStore|ARM = AppStore|ARM
		AppStore|iPhone = AppStore|iPhone
		AppStore|iPhoneSimulator = AppStore|iPhoneSimulator
		AppStore|x64 = AppStore|x64
		AppStore|x86 = AppStore|x86
		Debug|Any CPU = Debug|Any CPU
		Debug|ARM = Debug|ARM
		Debug|iPhone = Debug|iPhone
		Debug|iPhoneSimulator = Debug|iPhoneSimulator
		Debug|x64 = Debug|x64
		Debug|x86 = Debug|x86
		Release|Any CPU = Release|Any CPU
		Release|ARM = Release|ARM
		Release|iPhone = Release|iPhone
		Release|iPhoneSimulator = Release|iPhoneSimulator
		Release|x64 = Release|x64
		Release|x86 = Release|x86
	EndGlobalSection
	GlobalSection(ProjectConfigurationPlatforms) = postSolution
		{5FDBD3F9-B0BB-4C05-9F1D-B48381326ECC}.Ad-Hoc|Any CPU.ActiveCfg = Release|Any CPU
		{5FDBD3F9-B0BB-4C05-9F1D-B48381326ECC}.Ad-Hoc|Any CPU.Build.0 = Release|Any CPU
		{5FDBD3F9-B0BB-4C05-9F1D-B48381326ECC}.Ad-Hoc|Any CPU.Deploy.0 = Release|Any CPU
		{5FDBD3F9-B0BB-4C05-9F1D-B48381326ECC}.Ad-Hoc|ARM.ActiveCfg = Release|Any CPU
		{5FDBD3F9-B0BB-4C05-9F1D-B48381326ECC}.Ad-Hoc|ARM.Build.0 = Release|Any CPU
		{5FDBD3F9-B0BB-4C05-9F1D-B48381326ECC}.Ad-Hoc|ARM.Deploy.0 = Release|Any CPU
		{5FDBD3F9-B0BB-4C05-9F1D-B48381326ECC}.Ad-Hoc|iPhone.ActiveCfg = Release|Any CPU
		{5FDBD3F9-B0BB-4C05-9F1D-B48381326ECC}.Ad-Hoc|iPhone.Build.0 = Release|Any CPU
		{5FDBD3F9-B0BB-4C05-9F1D-B48381326ECC}.Ad-Hoc|iPhone.Deploy.0 = Release|Any CPU
		{5FDBD3F9-B0BB-4C05-9F1D-B48381326ECC}.Ad-Hoc|iPhoneSimulator.ActiveCfg = Release|Any CPU
		{5FDBD3F9-B0BB-4C05-9F1D-B48381326ECC}.Ad-Hoc|iPhoneSimulator.Build.0 = Release|Any CPU
		{5FDBD3F9-B0BB-4C05-9F1D-B48381326ECC}.Ad-Hoc|iPhoneSimulator.Deploy.0 = Release|Any CPU
		{5FDBD3F9-B0BB-4C05-9F1D-B48381326ECC}.Ad-Hoc|x64.ActiveCfg = Release|Any CPU
		{5FDBD3F9-B0BB-4C05-9F1D-B48381326ECC}.Ad-Hoc|x64.Build.0 = Release|Any CPU
		{5FDBD3F9-B0BB-4C05-9F1D-B48381326ECC}.Ad-Hoc|x64.Deploy.0 = Release|Any CPU
		{5FDBD3F9-B0BB-4C05-9F1D-B48381326ECC}.Ad-Hoc|x86.ActiveCfg = Release|Any CPU
		{5FDBD3F9-B0BB-4C05-9F1D-B48381326ECC}.Ad-Hoc|x86.Build.0 = Release|Any CPU
		{5FDBD3F9-B0BB-4C05-9F1D-B48381326ECC}.Ad-Hoc|x86.Deploy.0 = Release|Any CPU
		{5FDBD3F9-B0BB-4C05-9F1D-B48381326ECC}.AppStore|Any CPU.ActiveCfg = Release|Any CPU
		{5FDBD3F9-B0BB-4C05-9F1D-B48381326ECC}.AppStore|Any CPU.Build.0 = Release|Any CPU
		{5FDBD3F9-B0BB-4C05-9F1D-B48381326ECC}.AppStore|Any CPU.Deploy.0 = Release|Any CPU
		{5FDBD3F9-B0BB-4C05-9F1D-B48381326ECC}.AppStore|ARM.ActiveCfg = Release|Any CPU
		{5FDBD3F9-B0BB-4C05-9F1D-B48381326ECC}.AppStore|ARM.Build.0 = Release|Any CPU
		{5FDBD3F9-B0BB-4C05-9F1D-B48381326ECC}.AppStore|ARM.Deploy.0 = Release|Any CPU
		{5FDBD3F9-B0BB-4C05-9F1D-B48381326ECC}.AppStore|iPhone.ActiveCfg = Release|Any CPU
		{5FDBD3F9-B0BB-4C05-9F1D-B48381326ECC}.AppStore|iPhone.Build.0 = Release|Any CPU
		{5FDBD3F9-B0BB-4C05-9F1D-B48381326ECC}.AppStore|iPhone.Deploy.0 = Release|Any CPU
		{5FDBD3F9-B0BB-4C05-9F1D-B48381326ECC}.AppStore|iPhoneSimulator.ActiveCfg = Release|Any CPU
		{5FDBD3F9-B0BB-4C05-9F1D-B48381326ECC}.AppStore|iPhoneSimulator.Build.0 = Release|Any CPU
		{5FDBD3F9-B0BB-4C05-9F1D-B48381326ECC}.AppStore|iPhoneSimulator.Deploy.0 = Release|Any CPU
		{5FDBD3F9-B0BB-4C05-9F1D-B48381326ECC}.AppStore|x64.ActiveCfg = Release|Any CPU
		{5FDBD3F9-B0BB-4C05-9F1D-B48381326ECC}.AppStore|x64.Build.0 = Release|Any CPU
		{5FDBD3F9-B0BB-4C05-9F1D-B48381326ECC}.AppStore|x64.Deploy.0 = Release|Any CPU
		{5FDBD3F9-B0BB-4C05-9F1D-B48381326ECC}.AppStore|x86.ActiveCfg = Release|Any CPU
		{5FDBD3F9-B0BB-4C05-9F1D-B48381326ECC}.AppStore|x86.Build.0 = Release|Any CPU
		{5FDBD3F9-B0BB-4C05-9F1D-B48381326ECC}.AppStore|x86.Deploy.0 = Release|Any CPU
		{5FDBD3F9-B0BB-4C05-9F1D-B48381326ECC}.Debug|Any CPU.ActiveCfg = Debug|Any CPU
		{5FDBD3F9-B0BB-4C05-9F1D-B48381326ECC}.Debug|Any CPU.Build.0 = Debug|Any CPU
		{5FDBD3F9-B0BB-4C05-9F1D-B48381326ECC}.Debug|Any CPU.Deploy.0 = Debug|Any CPU
		{5FDBD3F9-B0BB-4C05-9F1D-B48381326ECC}.Debug|ARM.ActiveCfg = Debug|Any CPU
		{5FDBD3F9-B0BB-4C05-9F1D-B48381326ECC}.Debug|ARM.Build.0 = Debug|Any CPU
		{5FDBD3F9-B0BB-4C05-9F1D-B48381326ECC}.Debug|ARM.Deploy.0 = Debug|Any CPU
		{5FDBD3F9-B0BB-4C05-9F1D-B48381326ECC}.Debug|iPhone.ActiveCfg = Debug|Any CPU
		{5FDBD3F9-B0BB-4C05-9F1D-B48381326ECC}.Debug|iPhone.Build.0 = Debug|Any CPU
		{5FDBD3F9-B0BB-4C05-9F1D-B48381326ECC}.Debug|iPhone.Deploy.0 = Debug|Any CPU
		{5FDBD3F9-B0BB-4C05-9F1D-B48381326ECC}.Debug|iPhoneSimulator.ActiveCfg = Debug|Any CPU
		{5FDBD3F9-B0BB-4C05-9F1D-B48381326ECC}.Debug|iPhoneSimulator.Build.0 = Debug|Any CPU
		{5FDBD3F9-B0BB-4C05-9F1D-B48381326ECC}.Debug|iPhoneSimulator.Deploy.0 = Debug|Any CPU
		{5FDBD3F9-B0BB-4C05-9F1D-B48381326ECC}.Debug|x64.ActiveCfg = Debug|Any CPU
		{5FDBD3F9-B0BB-4C05-9F1D-B48381326ECC}.Debug|x64.Build.0 = Debug|Any CPU
		{5FDBD3F9-B0BB-4C05-9F1D-B48381326ECC}.Debug|x64.Deploy.0 = Debug|Any CPU
		{5FDBD3F9-B0BB-4C05-9F1D-B48381326ECC}.Debug|x86.ActiveCfg = Debug|Any CPU
		{5FDBD3F9-B0BB-4C05-9F1D-B48381326ECC}.Debug|x86.Build.0 = Debug|Any CPU
		{5FDBD3F9-B0BB-4C05-9F1D-B48381326ECC}.Debug|x86.Deploy.0 = Debug|Any CPU
		{5FDBD3F9-B0BB-4C05-9F1D-B48381326ECC}.Release|Any CPU.ActiveCfg = Release|Any CPU
		{5FDBD3F9-B0BB-4C05-9F1D-B48381326ECC}.Release|Any CPU.Build.0 = Release|Any CPU
		{5FDBD3F9-B0BB-4C05-9F1D-B48381326ECC}.Release|Any CPU.Deploy.0 = Release|Any CPU
		{5FDBD3F9-B0BB-4C05-9F1D-B48381326ECC}.Release|ARM.ActiveCfg = Release|Any CPU
		{5FDBD3F9-B0BB-4C05-9F1D-B48381326ECC}.Release|ARM.Build.0 = Release|Any CPU
		{5FDBD3F9-B0BB-4C05-9F1D-B48381326ECC}.Release|ARM.Deploy.0 = Release|Any CPU
		{5FDBD3F9-B0BB-4C05-9F1D-B48381326ECC}.Release|iPhone.ActiveCfg = Release|Any CPU
		{5FDBD3F9-B0BB-4C05-9F1D-B48381326ECC}.Release|iPhone.Build.0 = Release|Any CPU
		{5FDBD3F9-B0BB-4C05-9F1D-B48381326ECC}.Release|iPhone.Deploy.0 = Release|Any CPU
		{5FDBD3F9-B0BB-4C05-9F1D-B48381326ECC}.Release|iPhoneSimulator.ActiveCfg = Release|Any CPU
		{5FDBD3F9-B0BB-4C05-9F1D-B48381326ECC}.Release|iPhoneSimulator.Build.0 = Release|Any CPU
		{5FDBD3F9-B0BB-4C05-9F1D-B48381326ECC}.Release|iPhoneSimulator.Deploy.0 = Release|Any CPU
		{5FDBD3F9-B0BB-4C05-9F1D-B48381326ECC}.Release|x64.ActiveCfg = Release|Any CPU
		{5FDBD3F9-B0BB-4C05-9F1D-B48381326ECC}.Release|x64.Build.0 = Release|Any CPU
		{5FDBD3F9-B0BB-4C05-9F1D-B48381326ECC}.Release|x64.Deploy.0 = Release|Any CPU
		{5FDBD3F9-B0BB-4C05-9F1D-B48381326ECC}.Release|x86.ActiveCfg = Release|Any CPU
		{5FDBD3F9-B0BB-4C05-9F1D-B48381326ECC}.Release|x86.Build.0 = Release|Any CPU
		{5FDBD3F9-B0BB-4C05-9F1D-B48381326ECC}.Release|x86.Deploy.0 = Release|Any CPU
		{44E9624C-3FA9-4797-AE20-0601E41AA93E}.Ad-Hoc|Any CPU.ActiveCfg = Release|Any CPU
		{44E9624C-3FA9-4797-AE20-0601E41AA93E}.Ad-Hoc|Any CPU.Build.0 = Release|Any CPU
		{44E9624C-3FA9-4797-AE20-0601E41AA93E}.Ad-Hoc|ARM.ActiveCfg = Release|Any CPU
		{44E9624C-3FA9-4797-AE20-0601E41AA93E}.Ad-Hoc|ARM.Build.0 = Release|Any CPU
		{44E9624C-3FA9-4797-AE20-0601E41AA93E}.Ad-Hoc|iPhone.ActiveCfg = Release|Any CPU
		{44E9624C-3FA9-4797-AE20-0601E41AA93E}.Ad-Hoc|iPhone.Build.0 = Release|Any CPU
		{44E9624C-3FA9-4797-AE20-0601E41AA93E}.Ad-Hoc|iPhoneSimulator.ActiveCfg = Release|Any CPU
		{44E9624C-3FA9-4797-AE20-0601E41AA93E}.Ad-Hoc|iPhoneSimulator.Build.0 = Release|Any CPU
		{44E9624C-3FA9-4797-AE20-0601E41AA93E}.Ad-Hoc|x64.ActiveCfg = Release|Any CPU
		{44E9624C-3FA9-4797-AE20-0601E41AA93E}.Ad-Hoc|x64.Build.0 = Release|Any CPU
		{44E9624C-3FA9-4797-AE20-0601E41AA93E}.Ad-Hoc|x86.ActiveCfg = Release|Any CPU
		{44E9624C-3FA9-4797-AE20-0601E41AA93E}.Ad-Hoc|x86.Build.0 = Release|Any CPU
		{44E9624C-3FA9-4797-AE20-0601E41AA93E}.AppStore|Any CPU.ActiveCfg = Release|Any CPU
		{44E9624C-3FA9-4797-AE20-0601E41AA93E}.AppStore|Any CPU.Build.0 = Release|Any CPU
		{44E9624C-3FA9-4797-AE20-0601E41AA93E}.AppStore|ARM.ActiveCfg = Release|Any CPU
		{44E9624C-3FA9-4797-AE20-0601E41AA93E}.AppStore|ARM.Build.0 = Release|Any CPU
		{44E9624C-3FA9-4797-AE20-0601E41AA93E}.AppStore|iPhone.ActiveCfg = Release|Any CPU
		{44E9624C-3FA9-4797-AE20-0601E41AA93E}.AppStore|iPhone.Build.0 = Release|Any CPU
		{44E9624C-3FA9-4797-AE20-0601E41AA93E}.AppStore|iPhoneSimulator.ActiveCfg = Release|Any CPU
		{44E9624C-3FA9-4797-AE20-0601E41AA93E}.AppStore|iPhoneSimulator.Build.0 = Release|Any CPU
		{44E9624C-3FA9-4797-AE20-0601E41AA93E}.AppStore|x64.ActiveCfg = Release|Any CPU
		{44E9624C-3FA9-4797-AE20-0601E41AA93E}.AppStore|x64.Build.0 = Release|Any CPU
		{44E9624C-3FA9-4797-AE20-0601E41AA93E}.AppStore|x86.ActiveCfg = Release|Any CPU
		{44E9624C-3FA9-4797-AE20-0601E41AA93E}.AppStore|x86.Build.0 = Release|Any CPU
		{44E9624C-3FA9-4797-AE20-0601E41AA93E}.Debug|Any CPU.ActiveCfg = Debug|Any CPU
		{44E9624C-3FA9-4797-AE20-0601E41AA93E}.Debug|Any CPU.Build.0 = Debug|Any CPU
		{44E9624C-3FA9-4797-AE20-0601E41AA93E}.Debug|ARM.ActiveCfg = Debug|Any CPU
		{44E9624C-3FA9-4797-AE20-0601E41AA93E}.Debug|ARM.Build.0 = Debug|Any CPU
		{44E9624C-3FA9-4797-AE20-0601E41AA93E}.Debug|iPhone.ActiveCfg = Debug|Any CPU
		{44E9624C-3FA9-4797-AE20-0601E41AA93E}.Debug|iPhone.Build.0 = Debug|Any CPU
		{44E9624C-3FA9-4797-AE20-0601E41AA93E}.Debug|iPhoneSimulator.ActiveCfg = Debug|Any CPU
		{44E9624C-3FA9-4797-AE20-0601E41AA93E}.Debug|iPhoneSimulator.Build.0 = Debug|Any CPU
		{44E9624C-3FA9-4797-AE20-0601E41AA93E}.Debug|x64.ActiveCfg = Debug|Any CPU
		{44E9624C-3FA9-4797-AE20-0601E41AA93E}.Debug|x64.Build.0 = Debug|Any CPU
		{44E9624C-3FA9-4797-AE20-0601E41AA93E}.Debug|x86.ActiveCfg = Debug|Any CPU
		{44E9624C-3FA9-4797-AE20-0601E41AA93E}.Debug|x86.Build.0 = Debug|Any CPU
		{44E9624C-3FA9-4797-AE20-0601E41AA93E}.Release|Any CPU.ActiveCfg = Release|Any CPU
		{44E9624C-3FA9-4797-AE20-0601E41AA93E}.Release|Any CPU.Build.0 = Release|Any CPU
		{44E9624C-3FA9-4797-AE20-0601E41AA93E}.Release|ARM.ActiveCfg = Release|Any CPU
		{44E9624C-3FA9-4797-AE20-0601E41AA93E}.Release|ARM.Build.0 = Release|Any CPU
		{44E9624C-3FA9-4797-AE20-0601E41AA93E}.Release|iPhone.ActiveCfg = Release|Any CPU
		{44E9624C-3FA9-4797-AE20-0601E41AA93E}.Release|iPhone.Build.0 = Release|Any CPU
		{44E9624C-3FA9-4797-AE20-0601E41AA93E}.Release|iPhoneSimulator.ActiveCfg = Release|Any CPU
		{44E9624C-3FA9-4797-AE20-0601E41AA93E}.Release|iPhoneSimulator.Build.0 = Release|Any CPU
		{44E9624C-3FA9-4797-AE20-0601E41AA93E}.Release|x64.ActiveCfg = Release|Any CPU
		{44E9624C-3FA9-4797-AE20-0601E41AA93E}.Release|x64.Build.0 = Release|Any CPU
		{44E9624C-3FA9-4797-AE20-0601E41AA93E}.Release|x86.ActiveCfg = Release|Any CPU
		{44E9624C-3FA9-4797-AE20-0601E41AA93E}.Release|x86.Build.0 = Release|Any CPU
		{91C369A6-1549-444A-9469-53241C106E51}.Ad-Hoc|Any CPU.ActiveCfg = Release|x86
		{91C369A6-1549-444A-9469-53241C106E51}.Ad-Hoc|Any CPU.Build.0 = Release|x86
		{91C369A6-1549-444A-9469-53241C106E51}.Ad-Hoc|Any CPU.Deploy.0 = Release|x86
		{91C369A6-1549-444A-9469-53241C106E51}.Ad-Hoc|ARM.ActiveCfg = Release|ARM
		{91C369A6-1549-444A-9469-53241C106E51}.Ad-Hoc|ARM.Build.0 = Release|ARM
		{91C369A6-1549-444A-9469-53241C106E51}.Ad-Hoc|ARM.Deploy.0 = Release|ARM
		{91C369A6-1549-444A-9469-53241C106E51}.Ad-Hoc|iPhone.ActiveCfg = Release|x86
		{91C369A6-1549-444A-9469-53241C106E51}.Ad-Hoc|iPhone.Build.0 = Release|x86
		{91C369A6-1549-444A-9469-53241C106E51}.Ad-Hoc|iPhone.Deploy.0 = Release|x86
		{91C369A6-1549-444A-9469-53241C106E51}.Ad-Hoc|iPhoneSimulator.ActiveCfg = Release|x86
		{91C369A6-1549-444A-9469-53241C106E51}.Ad-Hoc|iPhoneSimulator.Build.0 = Release|x86
		{91C369A6-1549-444A-9469-53241C106E51}.Ad-Hoc|iPhoneSimulator.Deploy.0 = Release|x86
		{91C369A6-1549-444A-9469-53241C106E51}.Ad-Hoc|x64.ActiveCfg = Release|x64
		{91C369A6-1549-444A-9469-53241C106E51}.Ad-Hoc|x64.Build.0 = Release|x64
		{91C369A6-1549-444A-9469-53241C106E51}.Ad-Hoc|x64.Deploy.0 = Release|x64
		{91C369A6-1549-444A-9469-53241C106E51}.Ad-Hoc|x86.ActiveCfg = Release|x86
		{91C369A6-1549-444A-9469-53241C106E51}.Ad-Hoc|x86.Build.0 = Release|x86
		{91C369A6-1549-444A-9469-53241C106E51}.Ad-Hoc|x86.Deploy.0 = Release|x86
		{91C369A6-1549-444A-9469-53241C106E51}.AppStore|Any CPU.ActiveCfg = Release|x86
		{91C369A6-1549-444A-9469-53241C106E51}.AppStore|Any CPU.Build.0 = Release|x86
		{91C369A6-1549-444A-9469-53241C106E51}.AppStore|Any CPU.Deploy.0 = Release|x86
		{91C369A6-1549-444A-9469-53241C106E51}.AppStore|ARM.ActiveCfg = Release|ARM
		{91C369A6-1549-444A-9469-53241C106E51}.AppStore|ARM.Build.0 = Release|ARM
		{91C369A6-1549-444A-9469-53241C106E51}.AppStore|ARM.Deploy.0 = Release|ARM
		{91C369A6-1549-444A-9469-53241C106E51}.AppStore|iPhone.ActiveCfg = Release|x86
		{91C369A6-1549-444A-9469-53241C106E51}.AppStore|iPhone.Build.0 = Release|x86
		{91C369A6-1549-444A-9469-53241C106E51}.AppStore|iPhone.Deploy.0 = Release|x86
		{91C369A6-1549-444A-9469-53241C106E51}.AppStore|iPhoneSimulator.ActiveCfg = Release|x86
		{91C369A6-1549-444A-9469-53241C106E51}.AppStore|iPhoneSimulator.Build.0 = Release|x86
		{91C369A6-1549-444A-9469-53241C106E51}.AppStore|iPhoneSimulator.Deploy.0 = Release|x86
		{91C369A6-1549-444A-9469-53241C106E51}.AppStore|x64.ActiveCfg = Release|x64
		{91C369A6-1549-444A-9469-53241C106E51}.AppStore|x64.Build.0 = Release|x64
		{91C369A6-1549-444A-9469-53241C106E51}.AppStore|x64.Deploy.0 = Release|x64
		{91C369A6-1549-444A-9469-53241C106E51}.AppStore|x86.ActiveCfg = Release|x86
		{91C369A6-1549-444A-9469-53241C106E51}.AppStore|x86.Build.0 = Release|x86
		{91C369A6-1549-444A-9469-53241C106E51}.AppStore|x86.Deploy.0 = Release|x86
		{91C369A6-1549-444A-9469-53241C106E51}.Debug|Any CPU.ActiveCfg = Debug|x86
		{91C369A6-1549-444A-9469-53241C106E51}.Debug|ARM.ActiveCfg = Debug|ARM
		{91C369A6-1549-444A-9469-53241C106E51}.Debug|ARM.Build.0 = Debug|ARM
		{91C369A6-1549-444A-9469-53241C106E51}.Debug|ARM.Deploy.0 = Debug|ARM
		{91C369A6-1549-444A-9469-53241C106E51}.Debug|iPhone.ActiveCfg = Debug|x86
		{91C369A6-1549-444A-9469-53241C106E51}.Debug|iPhoneSimulator.ActiveCfg = Debug|x86
		{91C369A6-1549-444A-9469-53241C106E51}.Debug|x64.ActiveCfg = Debug|x64
		{91C369A6-1549-444A-9469-53241C106E51}.Debug|x64.Build.0 = Debug|x64
		{91C369A6-1549-444A-9469-53241C106E51}.Debug|x64.Deploy.0 = Debug|x64
		{91C369A6-1549-444A-9469-53241C106E51}.Debug|x86.ActiveCfg = Debug|x86
		{91C369A6-1549-444A-9469-53241C106E51}.Debug|x86.Build.0 = Debug|x86
		{91C369A6-1549-444A-9469-53241C106E51}.Debug|x86.Deploy.0 = Debug|x86
		{91C369A6-1549-444A-9469-53241C106E51}.Release|Any CPU.ActiveCfg = Release|x86
		{91C369A6-1549-444A-9469-53241C106E51}.Release|ARM.ActiveCfg = Release|ARM
		{91C369A6-1549-444A-9469-53241C106E51}.Release|ARM.Build.0 = Release|ARM
		{91C369A6-1549-444A-9469-53241C106E51}.Release|ARM.Deploy.0 = Release|ARM
		{91C369A6-1549-444A-9469-53241C106E51}.Release|iPhone.ActiveCfg = Release|x86
		{91C369A6-1549-444A-9469-53241C106E51}.Release|iPhoneSimulator.ActiveCfg = Release|x86
		{91C369A6-1549-444A-9469-53241C106E51}.Release|x64.ActiveCfg = Release|x64
		{91C369A6-1549-444A-9469-53241C106E51}.Release|x64.Build.0 = Release|x64
		{91C369A6-1549-444A-9469-53241C106E51}.Release|x64.Deploy.0 = Release|x64
		{91C369A6-1549-444A-9469-53241C106E51}.Release|x86.ActiveCfg = Release|x86
		{91C369A6-1549-444A-9469-53241C106E51}.Release|x86.Build.0 = Release|x86
		{91C369A6-1549-444A-9469-53241C106E51}.Release|x86.Deploy.0 = Release|x86
		{DFF0C6D7-13B4-4991-9632-9E063F054594}.Ad-Hoc|Any CPU.ActiveCfg = Ad-Hoc|iPhone
		{DFF0C6D7-13B4-4991-9632-9E063F054594}.Ad-Hoc|ARM.ActiveCfg = Ad-Hoc|iPhone
		{DFF0C6D7-13B4-4991-9632-9E063F054594}.Ad-Hoc|iPhone.ActiveCfg = Ad-Hoc|iPhone
		{DFF0C6D7-13B4-4991-9632-9E063F054594}.Ad-Hoc|iPhone.Build.0 = Ad-Hoc|iPhone
		{DFF0C6D7-13B4-4991-9632-9E063F054594}.Ad-Hoc|iPhoneSimulator.ActiveCfg = Ad-Hoc|iPhoneSimulator
		{DFF0C6D7-13B4-4991-9632-9E063F054594}.Ad-Hoc|iPhoneSimulator.Build.0 = Ad-Hoc|iPhoneSimulator
		{DFF0C6D7-13B4-4991-9632-9E063F054594}.Ad-Hoc|x64.ActiveCfg = Ad-Hoc|iPhone
		{DFF0C6D7-13B4-4991-9632-9E063F054594}.Ad-Hoc|x86.ActiveCfg = Ad-Hoc|iPhone
		{DFF0C6D7-13B4-4991-9632-9E063F054594}.AppStore|Any CPU.ActiveCfg = AppStore|iPhone
		{DFF0C6D7-13B4-4991-9632-9E063F054594}.AppStore|ARM.ActiveCfg = AppStore|iPhone
		{DFF0C6D7-13B4-4991-9632-9E063F054594}.AppStore|iPhone.ActiveCfg = AppStore|iPhone
		{DFF0C6D7-13B4-4991-9632-9E063F054594}.AppStore|iPhone.Build.0 = AppStore|iPhone
		{DFF0C6D7-13B4-4991-9632-9E063F054594}.AppStore|iPhoneSimulator.ActiveCfg = AppStore|iPhoneSimulator
		{DFF0C6D7-13B4-4991-9632-9E063F054594}.AppStore|iPhoneSimulator.Build.0 = AppStore|iPhoneSimulator
		{DFF0C6D7-13B4-4991-9632-9E063F054594}.AppStore|x64.ActiveCfg = AppStore|iPhone
		{DFF0C6D7-13B4-4991-9632-9E063F054594}.AppStore|x86.ActiveCfg = AppStore|iPhone
		{DFF0C6D7-13B4-4991-9632-9E063F054594}.Debug|Any CPU.ActiveCfg = Debug|iPhone
		{DFF0C6D7-13B4-4991-9632-9E063F054594}.Debug|ARM.ActiveCfg = Debug|iPhone
		{DFF0C6D7-13B4-4991-9632-9E063F054594}.Debug|iPhone.ActiveCfg = Debug|iPhone
		{DFF0C6D7-13B4-4991-9632-9E063F054594}.Debug|iPhone.Build.0 = Debug|iPhone
		{DFF0C6D7-13B4-4991-9632-9E063F054594}.Debug|iPhoneSimulator.ActiveCfg = Debug|iPhoneSimulator
		{DFF0C6D7-13B4-4991-9632-9E063F054594}.Debug|iPhoneSimulator.Build.0 = Debug|iPhoneSimulator
		{DFF0C6D7-13B4-4991-9632-9E063F054594}.Debug|x64.ActiveCfg = Debug|iPhone
		{DFF0C6D7-13B4-4991-9632-9E063F054594}.Debug|x86.ActiveCfg = Debug|iPhone
		{DFF0C6D7-13B4-4991-9632-9E063F054594}.Release|Any CPU.ActiveCfg = Release|iPhone
		{DFF0C6D7-13B4-4991-9632-9E063F054594}.Release|ARM.ActiveCfg = Release|iPhone
		{DFF0C6D7-13B4-4991-9632-9E063F054594}.Release|iPhone.ActiveCfg = Release|iPhone
		{DFF0C6D7-13B4-4991-9632-9E063F054594}.Release|iPhone.Build.0 = Release|iPhone
		{DFF0C6D7-13B4-4991-9632-9E063F054594}.Release|iPhoneSimulator.ActiveCfg = Release|iPhoneSimulator
		{DFF0C6D7-13B4-4991-9632-9E063F054594}.Release|iPhoneSimulator.Build.0 = Release|iPhoneSimulator
		{DFF0C6D7-13B4-4991-9632-9E063F054594}.Release|x64.ActiveCfg = Release|iPhone
		{DFF0C6D7-13B4-4991-9632-9E063F054594}.Release|x86.ActiveCfg = Release|iPhone
	EndGlobalSection
	GlobalSection(SolutionProperties) = preSolution
		HideSolutionNode = FALSE
	EndGlobalSection
	GlobalSection(ExtensibilityGlobals) = postSolution
		SolutionGuid = {AF143FD8-FAB6-432C-92C1-D3103D7729CF}
	EndGlobalSection
EndGlobal
